
Microsoft Visual Studio Solution File, Format Version 12.00
# Visual Studio Version 17
VisualStudioVersion = 17.8.34511.84
MinimumVisualStudioVersion = 10.0.40219.1
Project("{9A19103F-16F7-4668-BE54-9A1E7A4F7556}") = "TDBLZ", "TDBLZ.csproj", "{59FB56C3-9133-4C10-9D32-B782A4BEBDD8}"
EndProject
Project("{FAE04EC0-301F-11D3-BF4B-00C04F79EFBC}") = "TDBLZ.api", "..\TDBLZ.api\TDBLZ.api.csproj", "{8DC3A213-E5BB-4D90-93E4-02DD2F0135A8}"
EndProject
Global
	GlobalSection(SolutionConfigurationPlatforms) = preSolution
		Debug|Any CPU = Debug|Any CPU
		Release|Any CPU = Release|Any CPU
	EndGlobalSection
	GlobalSection(ProjectConfigurationPlatforms) = postSolution
		{59FB56C3-9133-4C10-9D32-B782A4BEBDD8}.Debug|Any CPU.ActiveCfg = Debug|Any CPU
		{59FB56C3-9133-4C10-9D32-B782A4BEBDD8}.Debug|Any CPU.Build.0 = Debug|Any CPU
		{59FB56C3-9133-4C10-9D32-B782A4BEBDD8}.Release|Any CPU.ActiveCfg = Release|Any CPU
		{59FB56C3-9133-4C10-9D32-B782A4BEBDD8}.Release|Any CPU.Build.0 = Release|Any CPU
		{8DC3A213-E5BB-4D90-93E4-02DD2F0135A8}.Debug|Any CPU.ActiveCfg = Debug|Any CPU
		{8DC3A213-E5BB-4D90-93E4-02DD2F0135A8}.Debug|Any CPU.Build.0 = Debug|Any CPU
		{8DC3A213-E5BB-4D90-93E4-02DD2F0135A8}.Release|Any CPU.ActiveCfg = Release|Any CPU
		{8DC3A213-E5BB-4D90-93E4-02DD2F0135A8}.Release|Any CPU.Build.0 = Release|Any CPU
	EndGlobalSection
	GlobalSection(SolutionProperties) = preSolution
		HideSolutionNode = FALSE
	EndGlobalSection
	GlobalSection(ExtensibilityGlobals) = postSolution
		SolutionGuid = {8C5CEDA7-4D37-4CF3-9773-F053924C5344}
	EndGlobalSection
EndGlobal
